
Microsoft Visual Studio Solution File, Format Version 12.00
# Visual Studio Version 16
VisualStudioVersion = 16.0.31702.278
MinimumVisualStudioVersion = 10.0.40219.1
Project("{FAE04EC0-301F-11D3-BF4B-00C04F79EFBC}") = "KTGK", "KTGK\KTGK.csproj", "{754E6ACA-8425-4C23-816B-12C1C461B36E}"
EndProject
Global
	GlobalSection(SolutionConfigurationPlatforms) = preSolution
		Debug|Any CPU = Debug|Any CPU
		Release|Any CPU = Release|Any CPU
	EndGlobalSection
	GlobalSection(ProjectConfigurationPlatforms) = postSolution
		{754E6ACA-8425-4C23-816B-12C1C461B36E}.Debug|Any CPU.ActiveCfg = Debug|Any CPU
		{754E6ACA-8425-4C23-816B-12C1C461B36E}.Debug|Any CPU.Build.0 = Debug|Any CPU
		{754E6ACA-8425-4C23-816B-12C1C461B36E}.Release|Any CPU.ActiveCfg = Release|Any CPU
		{754E6ACA-8425-4C23-816B-12C1C461B36E}.Release|Any CPU.Build.0 = Release|Any CPU
	EndGlobalSection
	GlobalSection(SolutionProperties) = preSolution
		HideSolutionNode = FALSE
	EndGlobalSection
	GlobalSection(ExtensibilityGlobals) = postSolution
		SolutionGuid = {6DBEC9CC-D754-4D98-B3C7-DD13B8C42DF9}
	EndGlobalSection
EndGlobal
